
Microsoft Visual Studio Solution File, Format Version 12.00
# Visual Studio Version 17
VisualStudioVersion = 17.13.35828.75 d17.13
MinimumVisualStudioVersion = 10.0.40219.1
Project("{FAE04EC0-301F-11D3-BF4B-00C04F79EFBC}") = "Assignment 3", "Assignment 3\Assignment 3.csproj", "{46EAD238-91B8-4E49-951E-4F2107492980}"
EndProject
Project("{FAE04EC0-301F-11D3-BF4B-00C04F79EFBC}") = "BLL", "BLL\BLL.csproj", "{67D9BE9E-E843-46FC-9D10-DE680E5CAB5A}"
EndProject
Project("{FAE04EC0-301F-11D3-BF4B-00C04F79EFBC}") = "DAL", "DAL\DAL.csproj", "{8DCA0AC0-9DDF-4866-9F41-7D9927B476EF}"
EndProject
Global
	GlobalSection(SolutionConfigurationPlatforms) = preSolution
		Debug|Any CPU = Debug|Any CPU
		Release|Any CPU = Release|Any CPU
	EndGlobalSection
	GlobalSection(ProjectConfigurationPlatforms) = postSolution
		{46EAD238-91B8-4E49-951E-4F2107492980}.Debug|Any CPU.ActiveCfg = Debug|Any CPU
		{46EAD238-91B8-4E49-951E-4F2107492980}.Debug|Any CPU.Build.0 = Debug|Any CPU
		{46EAD238-91B8-4E49-951E-4F2107492980}.Release|Any CPU.ActiveCfg = Release|Any CPU
		{46EAD238-91B8-4E49-951E-4F2107492980}.Release|Any CPU.Build.0 = Release|Any CPU
		{67D9BE9E-E843-46FC-9D10-DE680E5CAB5A}.Debug|Any CPU.ActiveCfg = Debug|Any CPU
		{67D9BE9E-E843-46FC-9D10-DE680E5CAB5A}.Debug|Any CPU.Build.0 = Debug|Any CPU
		{67D9BE9E-E843-46FC-9D10-DE680E5CAB5A}.Release|Any CPU.ActiveCfg = Release|Any CPU
		{67D9BE9E-E843-46FC-9D10-DE680E5CAB5A}.Release|Any CPU.Build.0 = Release|Any CPU
		{8DCA0AC0-9DDF-4866-9F41-7D9927B476EF}.Debug|Any CPU.ActiveCfg = Debug|Any CPU
		{8DCA0AC0-9DDF-4866-9F41-7D9927B476EF}.Debug|Any CPU.Build.0 = Debug|Any CPU
		{8DCA0AC0-9DDF-4866-9F41-7D9927B476EF}.Release|Any CPU.ActiveCfg = Release|Any CPU
		{8DCA0AC0-9DDF-4866-9F41-7D9927B476EF}.Release|Any CPU.Build.0 = Release|Any CPU
	EndGlobalSection
	GlobalSection(SolutionProperties) = preSolution
		HideSolutionNode = FALSE
	EndGlobalSection
	GlobalSection(ExtensibilityGlobals) = postSolution
		SolutionGuid = {4606B9BA-6EA3-442B-9022-30716C69CC11}
	EndGlobalSection
EndGlobal
